// !$*UTF8*$!
{
	archiveVersion = 1;
	classes = {
	};
	objectVersion = 46;
	objects = {

/* Begin PBXBuildFile section */
		7AB745691C8B3CFC005EC484 /* main.m in Sources */ = {isa = PBXBuildFile; fileRef = 7AB745681C8B3CFC005EC484 /* main.m */; };
		7AB745721C8B3CFC005EC484 /* Main.storyboard in Resources */ = {isa = PBXBuildFile; fileRef = 7AB745701C8B3CFC005EC484 /* Main.storyboard */; };
		7AB745741C8B3CFC005EC484 /* Assets.xcassets in Resources */ = {isa = PBXBuildFile; fileRef = 7AB745731C8B3CFC005EC484 /* Assets.xcassets */; };
		7AB745771C8B3CFC005EC484 /* LaunchScreen.storyboard in Resources */ = {isa = PBXBuildFile; fileRef = 7AB745751C8B3CFC005EC484 /* LaunchScreen.storyboard */; };
		7AB745821C8B3CFD005EC484 /* KeylessCarEntryTests.m in Sources */ = {isa = PBXBuildFile; fileRef = 7AB745811C8B3CFD005EC484 /* KeylessCarEntryTests.m */; };
		7AB7458D1C8B3CFD005EC484 /* KeylessCarEntryUITests.m in Sources */ = {isa = PBXBuildFile; fileRef = 7AB7458C1C8B3CFD005EC484 /* KeylessCarEntryUITests.m */; };
		7AB7459D1C8B3F5E005EC484 /* AppDelegate.m in Sources */ = {isa = PBXBuildFile; fileRef = 7AB7459C1C8B3F5E005EC484 /* AppDelegate.m */; };
		7AB745A11C8B3F6F005EC484 /* ViewController.m in Sources */ = {isa = PBXBuildFile; fileRef = 7AB745A01C8B3F6F005EC484 /* ViewController.m */; };
/* End PBXBuildFile section */

/* Begin PBXContainerItemProxy section */
		7AB7457E1C8B3CFD005EC484 /* PBXContainerItemProxy */ = {
			isa = PBXContainerItemProxy;
			containerPortal = 7AB7455C1C8B3CFC005EC484 /* Project object */;
			proxyType = 1;
			remoteGlobalIDString = 7AB745631C8B3CFC005EC484;
			remoteInfo = KeylessCarEntry;
		};
		7AB745891C8B3CFD005EC484 /* PBXContainerItemProxy */ = {
			isa = PBXContainerItemProxy;
			containerPortal = 7AB7455C1C8B3CFC005EC484 /* Project object */;
			proxyType = 1;
			remoteGlobalIDString = 7AB745631C8B3CFC005EC484;
			remoteInfo = KeylessCarEntry;
		};
/* End PBXContainerItemProxy section */

/* Begin PBXFileReference section */
		7AB745641C8B3CFC005EC484 /* KeylessCarEntry.app */ = {isa = PBXFileReference; explicitFileType = wrapper.application; includeInIndex = 0; path = KeylessCarEntry.app; sourceTree = BUILT_PRODUCTS_DIR; };
		7AB745681C8B3CFC005EC484 /* main.m */ = {isa = PBXFileReference; lastKnownFileType = sourcecode.c.objc; path = main.m; sourceTree = "<group>"; };
		7AB745711C8B3CFC005EC484 /* Base */ = {isa = PBXFileReference; lastKnownFileType = file.storyboard; name = Base; path = Base.lproj/Main.storyboard; sourceTree = "<group>"; };
		7AB745731C8B3CFC005EC484 /* Assets.xcassets */ = {isa = PBXFileReference; lastKnownFileType = folder.assetcatalog; path = Assets.xcassets; sourceTree = "<group>"; };
		7AB745761C8B3CFC005EC484 /* Base */ = {isa = PBXFileReference; lastKnownFileType = file.storyboard; name = Base; path = Base.lproj/LaunchScreen.storyboard; sourceTree = "<group>"; };
		7AB745781C8B3CFC005EC484 /* Info.plist */ = {isa = PBXFileReference; lastKnownFileType = text.plist.xml; path = Info.plist; sourceTree = "<group>"; };
		7AB7457D1C8B3CFD005EC484 /* KeylessCarEntryTests.xctest */ = {isa = PBXFileReference; explicitFileType = wrapper.cfbundle; includeInIndex = 0; path = KeylessCarEntryTests.xctest; sourceTree = BUILT_PRODUCTS_DIR; };
		7AB745811C8B3CFD005EC484 /* KeylessCarEntryTests.m */ = {isa = PBXFileReference; lastKnownFileType = sourcecode.c.objc; path = KeylessCarEntryTests.m; sourceTree = "<group>"; };
		7AB745831C8B3CFD005EC484 /* Info.plist */ = {isa = PBXFileReference; lastKnownFileType = text.plist.xml; path = Info.plist; sourceTree = "<group>"; };
		7AB745881C8B3CFD005EC484 /* KeylessCarEntryUITests.xctest */ = {isa = PBXFileReference; explicitFileType = wrapper.cfbundle; includeInIndex = 0; path = KeylessCarEntryUITests.xctest; sourceTree = BUILT_PRODUCTS_DIR; };
		7AB7458C1C8B3CFD005EC484 /* KeylessCarEntryUITests.m */ = {isa = PBXFileReference; lastKnownFileType = sourcecode.c.objc; path = KeylessCarEntryUITests.m; sourceTree = "<group>"; };
		7AB7458E1C8B3CFD005EC484 /* Info.plist */ = {isa = PBXFileReference; lastKnownFileType = text.plist.xml; path = Info.plist; sourceTree = "<group>"; };
		7AB7459B1C8B3F5E005EC484 /* AppDelegate.h */ = {isa = PBXFileReference; fileEncoding = 4; lastKnownFileType = sourcecode.c.h; name = AppDelegate.h; path = AppDelegate/AppDelegate.h; sourceTree = "<group>"; };
		7AB7459C1C8B3F5E005EC484 /* AppDelegate.m */ = {isa = PBXFileReference; fileEncoding = 4; lastKnownFileType = sourcecode.c.objc; name = AppDelegate.m; path = AppDelegate/AppDelegate.m; sourceTree = "<group>"; };
		7AB7459F1C8B3F6F005EC484 /* ViewController.h */ = {isa = PBXFileReference; fileEncoding = 4; lastKnownFileType = sourcecode.c.h; name = ViewController.h; path = Controllers/ViewController.h; sourceTree = "<group>"; };
		7AB745A01C8B3F6F005EC484 /* ViewController.m */ = {isa = PBXFileReference; fileEncoding = 4; lastKnownFileType = sourcecode.c.objc; name = ViewController.m; path = Controllers/ViewController.m; sourceTree = "<group>"; };
/* End PBXFileReference section */

/* Begin PBXFrameworksBuildPhase section */
		7AB745611C8B3CFC005EC484 /* Frameworks */ = {
			isa = PBXFrameworksBuildPhase;
			buildActionMask = 2147483647;
			files = (
			);
			runOnlyForDeploymentPostprocessing = 0;
		};
		7AB7457A1C8B3CFD005EC484 /* Frameworks */ = {
			isa = PBXFrameworksBuildPhase;
			buildActionMask = 2147483647;
			files = (
			);
			runOnlyForDeploymentPostprocessing = 0;
		};
		7AB745851C8B3CFD005EC484 /* Frameworks */ = {
			isa = PBXFrameworksBuildPhase;
			buildActionMask = 2147483647;
			files = (
			);
			runOnlyForDeploymentPostprocessing = 0;
		};
/* End PBXFrameworksBuildPhase section */

/* Begin PBXGroup section */
		7AB7455B1C8B3CFC005EC484 = {
			isa = PBXGroup;
			children = (
				7AB745661C8B3CFC005EC484 /* KeylessCarEntry */,
				7AB745801C8B3CFD005EC484 /* KeylessCarEntryTests */,
				7AB7458B1C8B3CFD005EC484 /* KeylessCarEntryUITests */,
				7AB745651C8B3CFC005EC484 /* Products */,
			);
			sourceTree = "<group>";
		};
		7AB745651C8B3CFC005EC484 /* Products */ = {
			isa = PBXGroup;
			children = (
				7AB745641C8B3CFC005EC484 /* KeylessCarEntry.app */,
				7AB7457D1C8B3CFD005EC484 /* KeylessCarEntryTests.xctest */,
				7AB745881C8B3CFD005EC484 /* KeylessCarEntryUITests.xctest */,
			);
			name = Products;
			sourceTree = "<group>";
		};
		7AB745661C8B3CFC005EC484 /* KeylessCarEntry */ = {
			isa = PBXGroup;
			children = (
				7AB7459E1C8B3F63005EC484 /* Controllers */,
				7AB7459A1C8B3F50005EC484 /* AppDelegate */,
				7AB745701C8B3CFC005EC484 /* Main.storyboard */,
				7AB745731C8B3CFC005EC484 /* Assets.xcassets */,
				7AB745751C8B3CFC005EC484 /* LaunchScreen.storyboard */,
				7AB745781C8B3CFC005EC484 /* Info.plist */,
				7AB745671C8B3CFC005EC484 /* Supporting Files */,
			);
			path = KeylessCarEntry;
			sourceTree = "<group>";
		};
		7AB745671C8B3CFC005EC484 /* Supporting Files */ = {
			isa = PBXGroup;
			children = (
				7AB745681C8B3CFC005EC484 /* main.m */,
			);
			name = "Supporting Files";
			sourceTree = "<group>";
		};
		7AB745801C8B3CFD005EC484 /* KeylessCarEntryTests */ = {
			isa = PBXGroup;
			children = (
				7AB745811C8B3CFD005EC484 /* KeylessCarEntryTests.m */,
				7AB745831C8B3CFD005EC484 /* Info.plist */,
			);
			path = KeylessCarEntryTests;
			sourceTree = "<group>";
		};
		7AB7458B1C8B3CFD005EC484 /* KeylessCarEntryUITests */ = {
			isa = PBXGroup;
			children = (
				7AB7458C1C8B3CFD005EC484 /* KeylessCarEntryUITests.m */,
				7AB7458E1C8B3CFD005EC484 /* Info.plist */,
			);
			path = KeylessCarEntryUITests;
			sourceTree = "<group>";
		};
		7AB7459A1C8B3F50005EC484 /* AppDelegate */ = {
			isa = PBXGroup;
			children = (
				7AB7459B1C8B3F5E005EC484 /* AppDelegate.h */,
				7AB7459C1C8B3F5E005EC484 /* AppDelegate.m */,
			);
			name = AppDelegate;
			sourceTree = "<group>";
		};
		7AB7459E1C8B3F63005EC484 /* Controllers */ = {
			isa = PBXGroup;
			children = (
				7AB7459F1C8B3F6F005EC484 /* ViewController.h */,
				7AB745A01C8B3F6F005EC484 /* ViewController.m */,
			);
			name = Controllers;
			sourceTree = "<group>";
		};
/* End PBXGroup section */

/* Begin PBXNativeTarget section */
		7AB745631C8B3CFC005EC484 /* KeylessCarEntry */ = {
			isa = PBXNativeTarget;
			buildConfigurationList = 7AB745911C8B3CFD005EC484 /* Build configuration list for PBXNativeTarget "KeylessCarEntry" */;
			buildPhases = (
				7AB745601C8B3CFC005EC484 /* Sources */,
				7AB745611C8B3CFC005EC484 /* Frameworks */,
				7AB745621C8B3CFC005EC484 /* Resources */,
			);
			buildRules = (
			);
			dependencies = (
			);
			name = KeylessCarEntry;
			productName = KeylessCarEntry;
			productReference = 7AB745641C8B3CFC005EC484 /* KeylessCarEntry.app */;
			productType = "com.apple.product-type.application";
		};
		7AB7457C1C8B3CFD005EC484 /* KeylessCarEntryTests */ = {
			isa = PBXNativeTarget;
			buildConfigurationList = 7AB745941C8B3CFD005EC484 /* Build configuration list for PBXNativeTarget "KeylessCarEntryTests" */;
			buildPhases = (
				7AB745791C8B3CFD005EC484 /* Sources */,
				7AB7457A1C8B3CFD005EC484 /* Frameworks */,
				7AB7457B1C8B3CFD005EC484 /* Resources */,
			);
			buildRules = (
			);
			dependencies = (
				7AB7457F1C8B3CFD005EC484 /* PBXTargetDependency */,
			);
			name = KeylessCarEntryTests;
			productName = KeylessCarEntryTests;
			productReference = 7AB7457D1C8B3CFD005EC484 /* KeylessCarEntryTests.xctest */;
			productType = "com.apple.product-type.bundle.unit-test";
		};
		7AB745871C8B3CFD005EC484 /* KeylessCarEntryUITests */ = {
			isa = PBXNativeTarget;
			buildConfigurationList = 7AB745971C8B3CFD005EC484 /* Build configuration list for PBXNativeTarget "KeylessCarEntryUITests" */;
			buildPhases = (
				7AB745841C8B3CFD005EC484 /* Sources */,
				7AB745851C8B3CFD005EC484 /* Frameworks */,
				7AB745861C8B3CFD005EC484 /* Resources */,
			);
			buildRules = (
			);
			dependencies = (
				7AB7458A1C8B3CFD005EC484 /* PBXTargetDependency */,
			);
			name = KeylessCarEntryUITests;
			productName = KeylessCarEntryUITests;
			productReference = 7AB745881C8B3CFD005EC484 /* KeylessCarEntryUITests.xctest */;
			productType = "com.apple.product-type.bundle.ui-testing";
		};
/* End PBXNativeTarget section */

/* Begin PBXProject section */
		7AB7455C1C8B3CFC005EC484 /* Project object */ = {
			isa = PBXProject;
			attributes = {
				LastUpgradeCheck = 0720;
				ORGANIZATIONNAME = "Surfin' Sandshrew";
				TargetAttributes = {
					7AB745631C8B3CFC005EC484 = {
						CreatedOnToolsVersion = 7.2.1;
						DevelopmentTeam = 44XPT55GJ5;
					};
					7AB7457C1C8B3CFD005EC484 = {
						CreatedOnToolsVersion = 7.2.1;
						DevelopmentTeam = 44XPT55GJ5;
						TestTargetID = 7AB745631C8B3CFC005EC484;
					};
					7AB745871C8B3CFD005EC484 = {
						CreatedOnToolsVersion = 7.2.1;
						DevelopmentTeam = 44XPT55GJ5;
						TestTargetID = 7AB745631C8B3CFC005EC484;
					};
				};
			};
			buildConfigurationList = 7AB7455F1C8B3CFC005EC484 /* Build configuration list for PBXProject "KeylessCarEntry" */;
			compatibilityVersion = "Xcode 3.2";
			developmentRegion = English;
			hasScannedForEncodings = 0;
			knownRegions = (
				en,
				Base,
			);
			mainGroup = 7AB7455B1C8B3CFC005EC484;
			productRefGroup = 7AB745651C8B3CFC005EC484 /* Products */;
			projectDirPath = "";
			projectRoot = "";
			targets = (
				7AB745631C8B3CFC005EC484 /* KeylessCarEntry */,
				7AB7457C1C8B3CFD005EC484 /* KeylessCarEntryTests */,
				7AB745871C8B3CFD005EC484 /* KeylessCarEntryUITests */,
			);
		};
/* End PBXProject section */

/* Begin PBXResourcesBuildPhase section */
		7AB745621C8B3CFC005EC484 /* Resources */ = {
			isa = PBXResourcesBuildPhase;
			buildActionMask = 2147483647;
			files = (
				7AB745771C8B3CFC005EC484 /* LaunchScreen.storyboard in Resources */,
				7AB745741C8B3CFC005EC484 /* Assets.xcassets in Resources */,
				7AB745721C8B3CFC005EC484 /* Main.storyboard in Resources */,
			);
			runOnlyForDeploymentPostprocessing = 0;
		};
		7AB7457B1C8B3CFD005EC484 /* Resources */ = {
			isa = PBXResourcesBuildPhase;
			buildActionMask = 2147483647;
			files = (
			);
			runOnlyForDeploymentPostprocessing = 0;
		};
		7AB745861C8B3CFD005EC484 /* Resources */ = {
			isa = PBXResourcesBuildPhase;
			buildActionMask = 2147483647;
			files = (
			);
			runOnlyForDeploymentPostprocessing = 0;
		};
/* End PBXResourcesBuildPhase section */

/* Begin PBXSourcesBuildPhase section */
		7AB745601C8B3CFC005EC484 /* Sources */ = {
			isa = PBXSourcesBuildPhase;
			buildActionMask = 2147483647;
			files = (
				7AB745A11C8B3F6F005EC484 /* ViewController.m in Sources */,
				7AB7459D1C8B3F5E005EC484 /* AppDelegate.m in Sources */,
				7AB745691C8B3CFC005EC484 /* main.m in Sources */,
			);
			runOnlyForDeploymentPostprocessing = 0;
		};
		7AB745791C8B3CFD005EC484 /* Sources */ = {
			isa = PBXSourcesBuildPhase;
			buildActionMask = 2147483647;
			files = (
				7AB745821C8B3CFD005EC484 /* KeylessCarEntryTests.m in Sources */,
			);
			runOnlyForDeploymentPostprocessing = 0;
		};
		7AB745841C8B3CFD005EC484 /* Sources */ = {
			isa = PBXSourcesBuildPhase;
			buildActionMask = 2147483647;
			files = (
				7AB7458D1C8B3CFD005EC484 /* KeylessCarEntryUITests.m in Sources */,
			);
			runOnlyForDeploymentPostprocessing = 0;
		};
/* End PBXSourcesBuildPhase section */

/* Begin PBXTargetDependency section */
		7AB7457F1C8B3CFD005EC484 /* PBXTargetDependency */ = {
			isa = PBXTargetDependency;
			target = 7AB745631C8B3CFC005EC484 /* KeylessCarEntry */;
			targetProxy = 7AB7457E1C8B3CFD005EC484 /* PBXContainerItemProxy */;
		};
		7AB7458A1C8B3CFD005EC484 /* PBXTargetDependency */ = {
			isa = PBXTargetDependency;
			target = 7AB745631C8B3CFC005EC484 /* KeylessCarEntry */;
			targetProxy = 7AB745891C8B3CFD005EC484 /* PBXContainerItemProxy */;
		};
/* End PBXTargetDependency section */

/* Begin PBXVariantGroup section */
		7AB745701C8B3CFC005EC484 /* Main.storyboard */ = {
			isa = PBXVariantGroup;
			children = (
				7AB745711C8B3CFC005EC484 /* Base */,
			);
			name = Main.storyboard;
			sourceTree = "<group>";
		};
		7AB745751C8B3CFC005EC484 /* LaunchScreen.storyboard */ = {
			isa = PBXVariantGroup;
			children = (
				7AB745761C8B3CFC005EC484 /* Base */,
			);
			name = LaunchScreen.storyboard;
			sourceTree = "<group>";
		};
/* End PBXVariantGroup section */

/* Begin XCBuildConfiguration section */
		7AB7458F1C8B3CFD005EC484 /* Debug */ = {
			isa = XCBuildConfiguration;
			buildSettings = {
				ALWAYS_SEARCH_USER_PATHS = NO;
				CLANG_CXX_LANGUAGE_STANDARD = "gnu++0x";
				CLANG_CXX_LIBRARY = "libc++";
				CLANG_ENABLE_MODULES = YES;
				CLANG_ENABLE_OBJC_ARC = YES;
				CLANG_WARN_BOOL_CONVERSION = YES;
				CLANG_WARN_CONSTANT_CONVERSION = YES;
				CLANG_WARN_DIRECT_OBJC_ISA_USAGE = YES_ERROR;
				CLANG_WARN_EMPTY_BODY = YES;
				CLANG_WARN_ENUM_CONVERSION = YES;
				CLANG_WARN_INT_CONVERSION = YES;
				CLANG_WARN_OBJC_ROOT_CLASS = YES_ERROR;
				CLANG_WARN_UNREACHABLE_CODE = YES;
				CLANG_WARN__DUPLICATE_METHOD_MATCH = YES;
				"CODE_SIGN_IDENTITY[sdk=iphoneos*]" = "iPhone Developer";
				COPY_PHASE_STRIP = NO;
				DEBUG_INFORMATION_FORMAT = dwarf;
				ENABLE_STRICT_OBJC_MSGSEND = YES;
				ENABLE_TESTABILITY = YES;
				GCC_C_LANGUAGE_STANDARD = gnu99;
				GCC_DYNAMIC_NO_PIC = NO;
				GCC_NO_COMMON_BLOCKS = YES;
				GCC_OPTIMIZATION_LEVEL = 0;
				GCC_PREPROCESSOR_DEFINITIONS = (
					"DEBUG=1",
					"$(inherited)",
				);
				GCC_WARN_64_TO_32_BIT_CONVERSION = YES;
				GCC_WARN_ABOUT_RETURN_TYPE = YES_ERROR;
				GCC_WARN_UNDECLARED_SELECTOR = YES;
				GCC_WARN_UNINITIALIZED_AUTOS = YES_AGGRESSIVE;
				GCC_WARN_UNUSED_FUNCTION = YES;
				GCC_WARN_UNUSED_VARIABLE = YES;
				IPHONEOS_DEPLOYMENT_TARGET = 9.2;
				MTL_ENABLE_DEBUG_INFO = YES;
				ONLY_ACTIVE_ARCH = YES;
				SDKROOT = iphoneos;
				TARGETED_DEVICE_FAMILY = "1,2";
			};
			name = Debug;
		};
		7AB745901C8B3CFD005EC484 /* Release */ = {
			isa = XCBuildConfiguration;
			buildSettings = {
				ALWAYS_SEARCH_USER_PATHS = NO;
				CLANG_CXX_LANGUAGE_STANDARD = "gnu++0x";
				CLANG_CXX_LIBRARY = "libc++";
				CLANG_ENABLE_MODULES = YES;
				CLANG_ENABLE_OBJC_ARC = YES;
				CLANG_WARN_BOOL_CONVERSION = YES;
				CLANG_WARN_CONSTANT_CONVERSION = YES;
				CLANG_WARN_DIRECT_OBJC_ISA_USAGE = YES_ERROR;
				CLANG_WARN_EMPTY_BODY = YES;
				CLANG_WARN_ENUM_CONVERSION = YES;
				CLANG_WARN_INT_CONVERSION = YES;
				CLANG_WARN_OBJC_ROOT_CLASS = YES_ERROR;
				CLANG_WARN_UNREACHABLE_CODE = YES;
				CLANG_WARN__DUPLICATE_METHOD_MATCH = YES;
				"CODE_SIGN_IDENTITY[sdk=iphoneos*]" = "iPhone Developer";
				COPY_PHASE_STRIP = NO;
				DEBUG_INFORMATION_FORMAT = "dwarf-with-dsym";
				ENABLE_NS_ASSERTIONS = NO;
				ENABLE_STRICT_OBJC_MSGSEND = YES;
				GCC_C_LANGUAGE_STANDARD = gnu99;
				GCC_NO_COMMON_BLOCKS = YES;
				GCC_WARN_64_TO_32_BIT_CONVERSION = YES;
				GCC_WARN_ABOUT_RETURN_TYPE = YES_ERROR;
				GCC_WARN_UNDECLARED_SELECTOR = YES;
				GCC_WARN_UNINITIALIZED_AUTOS = YES_AGGRESSIVE;
				GCC_WARN_UNUSED_FUNCTION = YES;
				GCC_WARN_UNUSED_VARIABLE = YES;
				IPHONEOS_DEPLOYMENT_TARGET = 9.2;
				MTL_ENABLE_DEBUG_INFO = NO;
				SDKROOT = iphoneos;
				TARGETED_DEVICE_FAMILY = "1,2";
				VALIDATE_PRODUCT = YES;
			};
			name = Release;
		};
		7AB745921C8B3CFD005EC484 /* Debug */ = {
			isa = XCBuildConfiguration;
			buildSettings = {
				ASSETCATALOG_COMPILER_APPICON_NAME = AppIcon;
				INFOPLIST_FILE = KeylessCarEntry/Info.plist;
				LD_RUNPATH_SEARCH_PATHS = "$(inherited) @executable_path/Frameworks";
				PRODUCT_BUNDLE_IDENTIFIER = ca.ghanan.KeylessCarEntry;
				PRODUCT_NAME = "$(TARGET_NAME)";
			};
			name = Debug;
		};
		7AB745931C8B3CFD005EC484 /* Release */ = {
			isa = XCBuildConfiguration;
			buildSettings = {
				ASSETCATALOG_COMPILER_APPICON_NAME = AppIcon;
				INFOPLIST_FILE = KeylessCarEntry/Info.plist;
				LD_RUNPATH_SEARCH_PATHS = "$(inherited) @executable_path/Frameworks";
				PRODUCT_BUNDLE_IDENTIFIER = ca.ghanan.KeylessCarEntry;
				PRODUCT_NAME = "$(TARGET_NAME)";
			};
			name = Release;
		};
		7AB745951C8B3CFD005EC484 /* Debug */ = {
			isa = XCBuildConfiguration;
			buildSettings = {
				BUNDLE_LOADER = "$(TEST_HOST)";
				INFOPLIST_FILE = KeylessCarEntryTests/Info.plist;
				LD_RUNPATH_SEARCH_PATHS = "$(inherited) @executable_path/Frameworks @loader_path/Frameworks";
				PRODUCT_BUNDLE_IDENTIFIER = ca.ghanan.KeylessCarEntryTests;
				PRODUCT_NAME = "$(TARGET_NAME)";
				TEST_HOST = "$(BUILT_PRODUCTS_DIR)/KeylessCarEntry.app/KeylessCarEntry";
			};
			name = Debug;
		};
		7AB745961C8B3CFD005EC484 /* Release */ = {
			isa = XCBuildConfiguration;
			buildSettings = {
				BUNDLE_LOADER = "$(TEST_HOST)";
				INFOPLIST_FILE = KeylessCarEntryTests/Info.plist;
				LD_RUNPATH_SEARCH_PATHS = "$(inherited) @executable_path/Frameworks @loader_path/Frameworks";
				PRODUCT_BUNDLE_IDENTIFIER = ca.ghanan.KeylessCarEntryTests;
				PRODUCT_NAME = "$(TARGET_NAME)";
				TEST_HOST = "$(BUILT_PRODUCTS_DIR)/KeylessCarEntry.app/KeylessCarEntry";
			};
			name = Release;
		};
		7AB745981C8B3CFD005EC484 /* Debug */ = {
			isa = XCBuildConfiguration;
			buildSettings = {
				INFOPLIST_FILE = KeylessCarEntryUITests/Info.plist;
				LD_RUNPATH_SEARCH_PATHS = "$(inherited) @executable_path/Frameworks @loader_path/Frameworks";
				PRODUCT_BUNDLE_IDENTIFIER = ca.ghanan.KeylessCarEntryUITests;
				PRODUCT_NAME = "$(TARGET_NAME)";
				TEST_TARGET_NAME = KeylessCarEntry;
				USES_XCTRUNNER = YES;
			};
			name = Debug;
		};
		7AB745991C8B3CFD005EC484 /* Release */ = {
			isa = XCBuildConfiguration;
			buildSettings = {
				INFOPLIST_FILE = KeylessCarEntryUITests/Info.plist;
				LD_RUNPATH_SEARCH_PATHS = "$(inherited) @executable_path/Frameworks @loader_path/Frameworks";
				PRODUCT_BUNDLE_IDENTIFIER = ca.ghanan.KeylessCarEntryUITests;
				PRODUCT_NAME = "$(TARGET_NAME)";
				TEST_TARGET_NAME = KeylessCarEntry;
				USES_XCTRUNNER = YES;
			};
			name = Release;
		};
/* End XCBuildConfiguration section */

/* Begin XCConfigurationList section */
		7AB7455F1C8B3CFC005EC484 /* Build configuration list for PBXProject "KeylessCarEntry" */ = {
			isa = XCConfigurationList;
			buildConfigurations = (
				7AB7458F1C8B3CFD005EC484 /* Debug */,
				7AB745901C8B3CFD005EC484 /* Release */,
			);
			defaultConfigurationIsVisible = 0;
			defaultConfigurationName = Release;
		};
		7AB745911C8B3CFD005EC484 /* Build configuration list for PBXNativeTarget "KeylessCarEntry" */ = {
			isa = XCConfigurationList;
			buildConfigurations = (
				7AB745921C8B3CFD005EC484 /* Debug */,
				7AB745931C8B3CFD005EC484 /* Release */,
			);
			defaultConfigurationIsVisible = 0;
		};
		7AB745941C8B3CFD005EC484 /* Build configuration list for PBXNativeTarget "KeylessCarEntryTests" */ = {
			isa = XCConfigurationList;
			buildConfigurations = (
				7AB745951C8B3CFD005EC484 /* Debug */,
				7AB745961C8B3CFD005EC484 /* Release */,
			);
			defaultConfigurationIsVisible = 0;
		};
		7AB745971C8B3CFD005EC484 /* Build configuration list for PBXNativeTarget "KeylessCarEntryUITests" */ = {
			isa = XCConfigurationList;
			buildConfigurations = (
				7AB745981C8B3CFD005EC484 /* Debug */,
				7AB745991C8B3CFD005EC484 /* Release */,
			);
			defaultConfigurationIsVisible = 0;
		};
/* End XCConfigurationList section */
	};
	rootObject = 7AB7455C1C8B3CFC005EC484 /* Project object */;
}
